
Microsoft Visual Studio Solution File, Format Version 12.00
# Visual Studio 14
VisualStudioVersion = 14.0.25420.1
MinimumVisualStudioVersion = 10.0.40219.1
Project("{FAE04EC0-301F-11D3-BF4B-00C04F79EFBC}") = "CaptiveAire.VPL", "CaptiveAire.VPL\CaptiveAire.VPL.csproj", "{29C9FE31-EF8A-42B4-B1A1-347C19FE1397}"
EndProject
Project("{FAE04EC0-301F-11D3-BF4B-00C04F79EFBC}") = "CaptiveAire.VPL.TestHost", "CaptiveAire.VPL.TestHost\CaptiveAire.VPL.TestHost.csproj", "{D58BF001-C422-49C2-ACF6-4E9D96C2A4CD}"
EndProject
Project("{FAE04EC0-301F-11D3-BF4B-00C04F79EFBC}") = "CaptiveAire.VPL.Tests", "CaptiveAire.VPL.Tests\CaptiveAire.VPL.Tests.csproj", "{06F26972-24CD-443B-AB25-C3EDB03EBC74}"
EndProject
Project("{FAE04EC0-301F-11D3-BF4B-00C04F79EFBC}") = "CaptiveAire.VPL.Metadata", "CaptiveAire.VPL.Metadata\CaptiveAire.VPL.Metadata.csproj", "{9101B145-9C98-4171-BDF8-AF1042E2C5F9}"
EndProject
Project("{FAE04EC0-301F-11D3-BF4B-00C04F79EFBC}") = "CaptiveAire.VPL.Interfaces", "CaptiveAire.VPL.Interfaces\CaptiveAire.VPL.Interfaces.csproj", "{32F430D3-D314-4504-BF69-3F87CED62035}"
EndProject
Project("{FAE04EC0-301F-11D3-BF4B-00C04F79EFBC}") = "CaptiveAire.VPL.Plugins", "CaptiveAire.VPL.Plugins\CaptiveAire.VPL.Plugins.csproj", "{A0E3F308-E242-405F-A289-D34771D0AE7C}"
EndProject
Global
	GlobalSection(SolutionConfigurationPlatforms) = preSolution
		Debug|Any CPU = Debug|Any CPU
		Release|Any CPU = Release|Any CPU
	EndGlobalSection
	GlobalSection(ProjectConfigurationPlatforms) = postSolution
		{29C9FE31-EF8A-42B4-B1A1-347C19FE1397}.Debug|Any CPU.ActiveCfg = Debug|Any CPU
		{29C9FE31-EF8A-42B4-B1A1-347C19FE1397}.Debug|Any CPU.Build.0 = Debug|Any CPU
		{29C9FE31-EF8A-42B4-B1A1-347C19FE1397}.Release|Any CPU.ActiveCfg = Release|Any CPU
		{29C9FE31-EF8A-42B4-B1A1-347C19FE1397}.Release|Any CPU.Build.0 = Release|Any CPU
		{D58BF001-C422-49C2-ACF6-4E9D96C2A4CD}.Debug|Any CPU.ActiveCfg = Debug|Any CPU
		{D58BF001-C422-49C2-ACF6-4E9D96C2A4CD}.Debug|Any CPU.Build.0 = Debug|Any CPU
		{D58BF001-C422-49C2-ACF6-4E9D96C2A4CD}.Release|Any CPU.ActiveCfg = Release|Any CPU
		{D58BF001-C422-49C2-ACF6-4E9D96C2A4CD}.Release|Any CPU.Build.0 = Release|Any CPU
		{06F26972-24CD-443B-AB25-C3EDB03EBC74}.Debug|Any CPU.ActiveCfg = Debug|Any CPU
		{06F26972-24CD-443B-AB25-C3EDB03EBC74}.Debug|Any CPU.Build.0 = Debug|Any CPU
		{06F26972-24CD-443B-AB25-C3EDB03EBC74}.Release|Any CPU.ActiveCfg = Release|Any CPU
		{06F26972-24CD-443B-AB25-C3EDB03EBC74}.Release|Any CPU.Build.0 = Release|Any CPU
		{9101B145-9C98-4171-BDF8-AF1042E2C5F9}.Debug|Any CPU.ActiveCfg = Debug|Any CPU
		{9101B145-9C98-4171-BDF8-AF1042E2C5F9}.Debug|Any CPU.Build.0 = Debug|Any CPU
		{9101B145-9C98-4171-BDF8-AF1042E2C5F9}.Release|Any CPU.ActiveCfg = Release|Any CPU
		{9101B145-9C98-4171-BDF8-AF1042E2C5F9}.Release|Any CPU.Build.0 = Release|Any CPU
		{32F430D3-D314-4504-BF69-3F87CED62035}.Debug|Any CPU.ActiveCfg = Debug|Any CPU
		{32F430D3-D314-4504-BF69-3F87CED62035}.Debug|Any CPU.Build.0 = Debug|Any CPU
		{32F430D3-D314-4504-BF69-3F87CED62035}.Release|Any CPU.ActiveCfg = Release|Any CPU
		{32F430D3-D314-4504-BF69-3F87CED62035}.Release|Any CPU.Build.0 = Release|Any CPU
		{A0E3F308-E242-405F-A289-D34771D0AE7C}.Debug|Any CPU.ActiveCfg = Debug|Any CPU
		{A0E3F308-E242-405F-A289-D34771D0AE7C}.Debug|Any CPU.Build.0 = Debug|Any CPU
		{A0E3F308-E242-405F-A289-D34771D0AE7C}.Release|Any CPU.ActiveCfg = Release|Any CPU
		{A0E3F308-E242-405F-A289-D34771D0AE7C}.Release|Any CPU.Build.0 = Release|Any CPU
	EndGlobalSection
	GlobalSection(SolutionProperties) = preSolution
		HideSolutionNode = FALSE
	EndGlobalSection
EndGlobal
